
Microsoft Visual Studio Solution File, Format Version 12.00
# Visual Studio 2013
VisualStudioVersion = 12.0.0.0
MinimumVisualStudioVersion = 10.0.0.1
Project("{FAE04EC0-301F-11D3-BF4B-00C04F79EFBC}") = "Assembly-CSharp", "Assembly-CSharp.csproj", "{3621E4D7-4683-9C91-2B94-CD20B7D12819}"
EndProject
Global
	GlobalSection(SolutionConfigurationPlatforms) = preSolution
		Debug|Any CPU = Debug|Any CPU
		Release|Any CPU = Release|Any CPU
	EndGlobalSection
	GlobalSection(ProjectConfigurationPlatforms) = postSolution
		{3621E4D7-4683-9C91-2B94-CD20B7D12819}.Debug|Any CPU.ActiveCfg = Debug|Any CPU
		{3621E4D7-4683-9C91-2B94-CD20B7D12819}.Debug|Any CPU.Build.0 = Debug|Any CPU
		{3621E4D7-4683-9C91-2B94-CD20B7D12819}.Release|Any CPU.ActiveCfg = Release|Any CPU
		{3621E4D7-4683-9C91-2B94-CD20B7D12819}.Release|Any CPU.Build.0 = Release|Any CPU
	EndGlobalSection
	GlobalSection(SolutionProperties) = preSolution
		HideSolutionNode = FALSE
	EndGlobalSection
EndGlobal
